// !$*UTF8*$!
{
	archiveVersion = 1;
	classes = {
	};
	objectVersion = 50;
	objects = {

/* Begin PBXBuildFile section */
		5D1CB11D216130A3ED6252E2 /* Pods_todo1testUITests.framework in Frameworks */ = {isa = PBXBuildFile; fileRef = 0B5D88D904E98FA6CDF81FA3 /* Pods_todo1testUITests.framework */; };
		8EC95ECE78AC1A14D1A11DB2 /* Pods_todo1test.framework in Frameworks */ = {isa = PBXBuildFile; fileRef = E99F177A3C626570484F135A /* Pods_todo1test.framework */; };
		959B14D72188CFD70040B02D /* AppDelegate.swift in Sources */ = {isa = PBXBuildFile; fileRef = 959B14D62188CFD70040B02D /* AppDelegate.swift */; };
		959B14D92188CFD70040B02D /* ViewController.swift in Sources */ = {isa = PBXBuildFile; fileRef = 959B14D82188CFD70040B02D /* ViewController.swift */; };
		959B14DC2188CFD70040B02D /* Main.storyboard in Resources */ = {isa = PBXBuildFile; fileRef = 959B14DA2188CFD70040B02D /* Main.storyboard */; };
		959B14DE2188CFD90040B02D /* Assets.xcassets in Resources */ = {isa = PBXBuildFile; fileRef = 959B14DD2188CFD90040B02D /* Assets.xcassets */; };
		959B14E12188CFD90040B02D /* LaunchScreen.storyboard in Resources */ = {isa = PBXBuildFile; fileRef = 959B14DF2188CFD90040B02D /* LaunchScreen.storyboard */; };
		959B14EC2188CFD90040B02D /* todo1testUITests.swift in Sources */ = {isa = PBXBuildFile; fileRef = 959B14EB2188CFD90040B02D /* todo1testUITests.swift */; };
		959B14FB2188E2AA0040B02D /* Api.swift in Sources */ = {isa = PBXBuildFile; fileRef = 959B14FA2188E2AA0040B02D /* Api.swift */; };
		959B14FE2188E3910040B02D /* Log.swift in Sources */ = {isa = PBXBuildFile; fileRef = 959B14FD2188E3910040B02D /* Log.swift */; };
		959B15002188E4DF0040B02D /* Weather.swift in Sources */ = {isa = PBXBuildFile; fileRef = 959B14FF2188E4DF0040B02D /* Weather.swift */; };
		959B15022188E6BF0040B02D /* WeatherService.swift in Sources */ = {isa = PBXBuildFile; fileRef = 959B15012188E6BF0040B02D /* WeatherService.swift */; };
/* End PBXBuildFile section */

/* Begin PBXContainerItemProxy section */
		959B14E82188CFD90040B02D /* PBXContainerItemProxy */ = {
			isa = PBXContainerItemProxy;
			containerPortal = 959B14CB2188CFD70040B02D /* Project object */;
			proxyType = 1;
			remoteGlobalIDString = 959B14D22188CFD70040B02D;
			remoteInfo = todo1test;
		};
/* End PBXContainerItemProxy section */

/* Begin PBXFileReference section */
		0B5D88D904E98FA6CDF81FA3 /* Pods_todo1testUITests.framework */ = {isa = PBXFileReference; explicitFileType = wrapper.framework; includeInIndex = 0; path = Pods_todo1testUITests.framework; sourceTree = BUILT_PRODUCTS_DIR; };
		13C98B2A837D6D4F2B4F9275 /* Pods-todo1testUITests.release.xcconfig */ = {isa = PBXFileReference; includeInIndex = 1; lastKnownFileType = text.xcconfig; name = "Pods-todo1testUITests.release.xcconfig"; path = "Pods/Target Support Files/Pods-todo1testUITests/Pods-todo1testUITests.release.xcconfig"; sourceTree = "<group>"; };
		2C43D44FB85A1C2BD537EB92 /* Pods-todo1test.debug.xcconfig */ = {isa = PBXFileReference; includeInIndex = 1; lastKnownFileType = text.xcconfig; name = "Pods-todo1test.debug.xcconfig"; path = "Pods/Target Support Files/Pods-todo1test/Pods-todo1test.debug.xcconfig"; sourceTree = "<group>"; };
		7E3C33C3E46D76CA78BE9A69 /* Pods-todo1test.release.xcconfig */ = {isa = PBXFileReference; includeInIndex = 1; lastKnownFileType = text.xcconfig; name = "Pods-todo1test.release.xcconfig"; path = "Pods/Target Support Files/Pods-todo1test/Pods-todo1test.release.xcconfig"; sourceTree = "<group>"; };
		959B14D32188CFD70040B02D /* todo1test.app */ = {isa = PBXFileReference; explicitFileType = wrapper.application; includeInIndex = 0; path = todo1test.app; sourceTree = BUILT_PRODUCTS_DIR; };
		959B14D62188CFD70040B02D /* AppDelegate.swift */ = {isa = PBXFileReference; lastKnownFileType = sourcecode.swift; path = AppDelegate.swift; sourceTree = "<group>"; };
		959B14D82188CFD70040B02D /* ViewController.swift */ = {isa = PBXFileReference; lastKnownFileType = sourcecode.swift; path = ViewController.swift; sourceTree = "<group>"; };
		959B14DB2188CFD70040B02D /* Base */ = {isa = PBXFileReference; lastKnownFileType = file.storyboard; name = Base; path = Base.lproj/Main.storyboard; sourceTree = "<group>"; };
		959B14DD2188CFD90040B02D /* Assets.xcassets */ = {isa = PBXFileReference; lastKnownFileType = folder.assetcatalog; path = Assets.xcassets; sourceTree = "<group>"; };
		959B14E02188CFD90040B02D /* Base */ = {isa = PBXFileReference; lastKnownFileType = file.storyboard; name = Base; path = Base.lproj/LaunchScreen.storyboard; sourceTree = "<group>"; };
		959B14E22188CFD90040B02D /* Info.plist */ = {isa = PBXFileReference; lastKnownFileType = text.plist.xml; path = Info.plist; sourceTree = "<group>"; };
		959B14E72188CFD90040B02D /* todo1testUITests.xctest */ = {isa = PBXFileReference; explicitFileType = wrapper.cfbundle; includeInIndex = 0; path = todo1testUITests.xctest; sourceTree = BUILT_PRODUCTS_DIR; };
		959B14EB2188CFD90040B02D /* todo1testUITests.swift */ = {isa = PBXFileReference; lastKnownFileType = sourcecode.swift; path = todo1testUITests.swift; sourceTree = "<group>"; };
		959B14ED2188CFD90040B02D /* Info.plist */ = {isa = PBXFileReference; lastKnownFileType = text.plist.xml; path = Info.plist; sourceTree = "<group>"; };
		959B14FA2188E2AA0040B02D /* Api.swift */ = {isa = PBXFileReference; lastKnownFileType = sourcecode.swift; path = Api.swift; sourceTree = "<group>"; };
		959B14FD2188E3910040B02D /* Log.swift */ = {isa = PBXFileReference; lastKnownFileType = sourcecode.swift; path = Log.swift; sourceTree = "<group>"; };
		959B14FF2188E4DF0040B02D /* Weather.swift */ = {isa = PBXFileReference; lastKnownFileType = sourcecode.swift; path = Weather.swift; sourceTree = "<group>"; };
		959B15012188E6BF0040B02D /* WeatherService.swift */ = {isa = PBXFileReference; lastKnownFileType = sourcecode.swift; path = WeatherService.swift; sourceTree = "<group>"; };
		DA801A8CB736BC921F31CC32 /* Pods-todo1testUITests.debug.xcconfig */ = {isa = PBXFileReference; includeInIndex = 1; lastKnownFileType = text.xcconfig; name = "Pods-todo1testUITests.debug.xcconfig"; path = "Pods/Target Support Files/Pods-todo1testUITests/Pods-todo1testUITests.debug.xcconfig"; sourceTree = "<group>"; };
		E99F177A3C626570484F135A /* Pods_todo1test.framework */ = {isa = PBXFileReference; explicitFileType = wrapper.framework; includeInIndex = 0; path = Pods_todo1test.framework; sourceTree = BUILT_PRODUCTS_DIR; };
/* End PBXFileReference section */

/* Begin PBXFrameworksBuildPhase section */
		959B14D02188CFD70040B02D /* Frameworks */ = {
			isa = PBXFrameworksBuildPhase;
			buildActionMask = 2147483647;
			files = (
				8EC95ECE78AC1A14D1A11DB2 /* Pods_todo1test.framework in Frameworks */,
			);
			runOnlyForDeploymentPostprocessing = 0;
		};
		959B14E42188CFD90040B02D /* Frameworks */ = {
			isa = PBXFrameworksBuildPhase;
			buildActionMask = 2147483647;
			files = (
				5D1CB11D216130A3ED6252E2 /* Pods_todo1testUITests.framework in Frameworks */,
			);
			runOnlyForDeploymentPostprocessing = 0;
		};
/* End PBXFrameworksBuildPhase section */

/* Begin PBXGroup section */
		22634E3AD1AD9BD8889DDFAA /* Frameworks */ = {
			isa = PBXGroup;
			children = (
				E99F177A3C626570484F135A /* Pods_todo1test.framework */,
				0B5D88D904E98FA6CDF81FA3 /* Pods_todo1testUITests.framework */,
			);
			name = Frameworks;
			sourceTree = "<group>";
		};
		959B14CA2188CFD70040B02D = {
			isa = PBXGroup;
			children = (
				959B14D52188CFD70040B02D /* todo1test */,
				959B14EA2188CFD90040B02D /* todo1testUITests */,
				959B14D42188CFD70040B02D /* Products */,
				A4994DB2D6537E6F7CA796FA /* Pods */,
				22634E3AD1AD9BD8889DDFAA /* Frameworks */,
			);
			sourceTree = "<group>";
		};
		959B14D42188CFD70040B02D /* Products */ = {
			isa = PBXGroup;
			children = (
				959B14D32188CFD70040B02D /* todo1test.app */,
				959B14E72188CFD90040B02D /* todo1testUITests.xctest */,
			);
			name = Products;
			sourceTree = "<group>";
		};
		959B14D52188CFD70040B02D /* todo1test */ = {
			isa = PBXGroup;
			children = (
				959B14FC2188E36E0040B02D /* util */,
				959B14F92188E23F0040B02D /* ui */,
				959B14F82188E2380040B02D /* services */,
				959B14F72188E2300040B02D /* model */,
				959B14D62188CFD70040B02D /* AppDelegate.swift */,
				959B14DA2188CFD70040B02D /* Main.storyboard */,
				959B14DD2188CFD90040B02D /* Assets.xcassets */,
				959B14DF2188CFD90040B02D /* LaunchScreen.storyboard */,
				959B14E22188CFD90040B02D /* Info.plist */,
			);
			path = todo1test;
			sourceTree = "<group>";
		};
		959B14EA2188CFD90040B02D /* todo1testUITests */ = {
			isa = PBXGroup;
			children = (
				959B14EB2188CFD90040B02D /* todo1testUITests.swift */,
				959B14ED2188CFD90040B02D /* Info.plist */,
			);
			path = todo1testUITests;
			sourceTree = "<group>";
		};
		959B14F72188E2300040B02D /* model */ = {
			isa = PBXGroup;
			children = (
				959B14FF2188E4DF0040B02D /* Weather.swift */,
			);
			name = model;
			sourceTree = "<group>";
		};
		959B14F82188E2380040B02D /* services */ = {
			isa = PBXGroup;
			children = (
				959B14FA2188E2AA0040B02D /* Api.swift */,
				959B15012188E6BF0040B02D /* WeatherService.swift */,
			);
			path = services;
			sourceTree = "<group>";
		};
		959B14F92188E23F0040B02D /* ui */ = {
			isa = PBXGroup;
			children = (
				959B14D82188CFD70040B02D /* ViewController.swift */,
			);
			name = ui;
			sourceTree = "<group>";
		};
		959B14FC2188E36E0040B02D /* util */ = {
			isa = PBXGroup;
			children = (
				959B14FD2188E3910040B02D /* Log.swift */,
			);
			path = util;
			sourceTree = "<group>";
		};
		A4994DB2D6537E6F7CA796FA /* Pods */ = {
			isa = PBXGroup;
			children = (
				2C43D44FB85A1C2BD537EB92 /* Pods-todo1test.debug.xcconfig */,
				7E3C33C3E46D76CA78BE9A69 /* Pods-todo1test.release.xcconfig */,
				DA801A8CB736BC921F31CC32 /* Pods-todo1testUITests.debug.xcconfig */,
				13C98B2A837D6D4F2B4F9275 /* Pods-todo1testUITests.release.xcconfig */,
			);
			name = Pods;
			sourceTree = "<group>";
		};
/* End PBXGroup section */

/* Begin PBXNativeTarget section */
		959B14D22188CFD70040B02D /* todo1test */ = {
			isa = PBXNativeTarget;
			buildConfigurationList = 959B14F02188CFD90040B02D /* Build configuration list for PBXNativeTarget "todo1test" */;
			buildPhases = (
				178225492CD0A3DDC077FA16 /* [CP] Check Pods Manifest.lock */,
				959B14CF2188CFD70040B02D /* Sources */,
				959B14D02188CFD70040B02D /* Frameworks */,
				959B14D12188CFD70040B02D /* Resources */,
				76B873BF2B97D0DE7ED0757E /* [CP] Embed Pods Frameworks */,
			);
			buildRules = (
			);
			dependencies = (
			);
			name = todo1test;
			productName = todo1test;
			productReference = 959B14D32188CFD70040B02D /* todo1test.app */;
			productType = "com.apple.product-type.application";
		};
		959B14E62188CFD90040B02D /* todo1testUITests */ = {
			isa = PBXNativeTarget;
			buildConfigurationList = 959B14F32188CFD90040B02D /* Build configuration list for PBXNativeTarget "todo1testUITests" */;
			buildPhases = (
				2C8214D45CC11B7290975D85 /* [CP] Check Pods Manifest.lock */,
				959B14E32188CFD90040B02D /* Sources */,
				959B14E42188CFD90040B02D /* Frameworks */,
				959B14E52188CFD90040B02D /* Resources */,
			);
			buildRules = (
			);
			dependencies = (
				959B14E92188CFD90040B02D /* PBXTargetDependency */,
			);
			name = todo1testUITests;
			productName = todo1testUITests;
			productReference = 959B14E72188CFD90040B02D /* todo1testUITests.xctest */;
			productType = "com.apple.product-type.bundle.ui-testing";
		};
/* End PBXNativeTarget section */

/* Begin PBXProject section */
		959B14CB2188CFD70040B02D /* Project object */ = {
			isa = PBXProject;
			attributes = {
				LastSwiftUpdateCheck = 1000;
				LastUpgradeCheck = 1000;
				ORGANIZATIONNAME = "miguel alegria";
				TargetAttributes = {
					959B14D22188CFD70040B02D = {
						CreatedOnToolsVersion = 10.0;
					};
					959B14E62188CFD90040B02D = {
						CreatedOnToolsVersion = 10.0;
						TestTargetID = 959B14D22188CFD70040B02D;
					};
				};
			};
			buildConfigurationList = 959B14CE2188CFD70040B02D /* Build configuration list for PBXProject "todo1test" */;
			compatibilityVersion = "Xcode 9.3";
			developmentRegion = en;
			hasScannedForEncodings = 0;
			knownRegions = (
				en,
				Base,
			);
			mainGroup = 959B14CA2188CFD70040B02D;
			productRefGroup = 959B14D42188CFD70040B02D /* Products */;
			projectDirPath = "";
			projectRoot = "";
			targets = (
				959B14D22188CFD70040B02D /* todo1test */,
				959B14E62188CFD90040B02D /* todo1testUITests */,
			);
		};
/* End PBXProject section */

/* Begin PBXResourcesBuildPhase section */
		959B14D12188CFD70040B02D /* Resources */ = {
			isa = PBXResourcesBuildPhase;
			buildActionMask = 2147483647;
			files = (
				959B14E12188CFD90040B02D /* LaunchScreen.storyboard in Resources */,
				959B14DE2188CFD90040B02D /* Assets.xcassets in Resources */,
				959B14DC2188CFD70040B02D /* Main.storyboard in Resources */,
			);
			runOnlyForDeploymentPostprocessing = 0;
		};
		959B14E52188CFD90040B02D /* Resources */ = {
			isa = PBXResourcesBuildPhase;
			buildActionMask = 2147483647;
			files = (
			);
			runOnlyForDeploymentPostprocessing = 0;
		};
/* End PBXResourcesBuildPhase section */

/* Begin PBXShellScriptBuildPhase section */
		178225492CD0A3DDC077FA16 /* [CP] Check Pods Manifest.lock */ = {
			isa = PBXShellScriptBuildPhase;
			buildActionMask = 2147483647;
			files = (
			);
			inputPaths = (
				"${PODS_PODFILE_DIR_PATH}/Podfile.lock",
				"${PODS_ROOT}/Manifest.lock",
			);
			name = "[CP] Check Pods Manifest.lock";
			outputPaths = (
				"$(DERIVED_FILE_DIR)/Pods-todo1test-checkManifestLockResult.txt",
			);
			runOnlyForDeploymentPostprocessing = 0;
			shellPath = /bin/sh;
			shellScript = "diff \"${PODS_PODFILE_DIR_PATH}/Podfile.lock\" \"${PODS_ROOT}/Manifest.lock\" > /dev/null\nif [ $? != 0 ] ; then\n    # print error to STDERR\n    echo \"error: The sandbox is not in sync with the Podfile.lock. Run 'pod install' or update your CocoaPods installation.\" >&2\n    exit 1\nfi\n# This output is used by Xcode 'outputs' to avoid re-running this script phase.\necho \"SUCCESS\" > \"${SCRIPT_OUTPUT_FILE_0}\"\n";
			showEnvVarsInLog = 0;
		};
		2C8214D45CC11B7290975D85 /* [CP] Check Pods Manifest.lock */ = {
			isa = PBXShellScriptBuildPhase;
			buildActionMask = 2147483647;
			files = (
			);
			inputPaths = (
				"${PODS_PODFILE_DIR_PATH}/Podfile.lock",
				"${PODS_ROOT}/Manifest.lock",
			);
			name = "[CP] Check Pods Manifest.lock";
			outputPaths = (
				"$(DERIVED_FILE_DIR)/Pods-todo1testUITests-checkManifestLockResult.txt",
			);
			runOnlyForDeploymentPostprocessing = 0;
			shellPath = /bin/sh;
			shellScript = "diff \"${PODS_PODFILE_DIR_PATH}/Podfile.lock\" \"${PODS_ROOT}/Manifest.lock\" > /dev/null\nif [ $? != 0 ] ; then\n    # print error to STDERR\n    echo \"error: The sandbox is not in sync with the Podfile.lock. Run 'pod install' or update your CocoaPods installation.\" >&2\n    exit 1\nfi\n# This output is used by Xcode 'outputs' to avoid re-running this script phase.\necho \"SUCCESS\" > \"${SCRIPT_OUTPUT_FILE_0}\"\n";
			showEnvVarsInLog = 0;
		};
		76B873BF2B97D0DE7ED0757E /* [CP] Embed Pods Frameworks */ = {
			isa = PBXShellScriptBuildPhase;
			buildActionMask = 2147483647;
			files = (
			);
			inputPaths = (
				"${SRCROOT}/Pods/Target Support Files/Pods-todo1test/Pods-todo1test-frameworks.sh",
				"${BUILT_PRODUCTS_DIR}/Alamofire/Alamofire.framework",
				"${BUILT_PRODUCTS_DIR}/AlamofireObjectMapper/AlamofireObjectMapper.framework",
				"${BUILT_PRODUCTS_DIR}/ObjectMapper/ObjectMapper.framework",
				"${BUILT_PRODUCTS_DIR}/RxCocoa/RxCocoa.framework",
				"${BUILT_PRODUCTS_DIR}/RxSwift/RxSwift.framework",
			);
			name = "[CP] Embed Pods Frameworks";
			outputPaths = (
				"${TARGET_BUILD_DIR}/${FRAMEWORKS_FOLDER_PATH}/Alamofire.framework",
				"${TARGET_BUILD_DIR}/${FRAMEWORKS_FOLDER_PATH}/AlamofireObjectMapper.framework",
				"${TARGET_BUILD_DIR}/${FRAMEWORKS_FOLDER_PATH}/ObjectMapper.framework",
				"${TARGET_BUILD_DIR}/${FRAMEWORKS_FOLDER_PATH}/RxCocoa.framework",
				"${TARGET_BUILD_DIR}/${FRAMEWORKS_FOLDER_PATH}/RxSwift.framework",
			);
			runOnlyForDeploymentPostprocessing = 0;
			shellPath = /bin/sh;
			shellScript = "\"${SRCROOT}/Pods/Target Support Files/Pods-todo1test/Pods-todo1test-frameworks.sh\"\n";
			showEnvVarsInLog = 0;
		};
/* End PBXShellScriptBuildPhase section */

/* Begin PBXSourcesBuildPhase section */
		959B14CF2188CFD70040B02D /* Sources */ = {
			isa = PBXSourcesBuildPhase;
			buildActionMask = 2147483647;
			files = (
				959B14FB2188E2AA0040B02D /* Api.swift in Sources */,
				959B14D92188CFD70040B02D /* ViewController.swift in Sources */,
				959B14FE2188E3910040B02D /* Log.swift in Sources */,
				959B14D72188CFD70040B02D /* AppDelegate.swift in Sources */,
				959B15022188E6BF0040B02D /* WeatherService.swift in Sources */,
				959B15002188E4DF0040B02D /* Weather.swift in Sources */,
			);
			runOnlyForDeploymentPostprocessing = 0;
		};
		959B14E32188CFD90040B02D /* Sources */ = {
			isa = PBXSourcesBuildPhase;
			buildActionMask = 2147483647;
			files = (
				959B14EC2188CFD90040B02D /* todo1testUITests.swift in Sources */,
			);
			runOnlyForDeploymentPostprocessing = 0;
		};
/* End PBXSourcesBuildPhase section */

/* Begin PBXTargetDependency section */
		959B14E92188CFD90040B02D /* PBXTargetDependency */ = {
			isa = PBXTargetDependency;
			target = 959B14D22188CFD70040B02D /* todo1test */;
			targetProxy = 959B14E82188CFD90040B02D /* PBXContainerItemProxy */;
		};
/* End PBXTargetDependency section */

/* Begin PBXVariantGroup section */
		959B14DA2188CFD70040B02D /* Main.storyboard */ = {
			isa = PBXVariantGroup;
			children = (
				959B14DB2188CFD70040B02D /* Base */,
			);
			name = Main.storyboard;
			sourceTree = "<group>";
		};
		959B14DF2188CFD90040B02D /* LaunchScreen.storyboard */ = {
			isa = PBXVariantGroup;
			children = (
				959B14E02188CFD90040B02D /* Base */,
			);
			name = LaunchScreen.storyboard;
			sourceTree = "<group>";
		};
/* End PBXVariantGroup section */

/* Begin XCBuildConfiguration section */
		959B14EE2188CFD90040B02D /* Debug */ = {
			isa = XCBuildConfiguration;
			buildSettings = {
				ALWAYS_SEARCH_USER_PATHS = NO;
				CLANG_ANALYZER_NONNULL = YES;
				CLANG_ANALYZER_NUMBER_OBJECT_CONVERSION = YES_AGGRESSIVE;
				CLANG_CXX_LANGUAGE_STANDARD = "gnu++14";
				CLANG_CXX_LIBRARY = "libc++";
				CLANG_ENABLE_MODULES = YES;
				CLANG_ENABLE_OBJC_ARC = YES;
				CLANG_ENABLE_OBJC_WEAK = YES;
				CLANG_WARN_BLOCK_CAPTURE_AUTORELEASING = YES;
				CLANG_WARN_BOOL_CONVERSION = YES;
				CLANG_WARN_COMMA = YES;
				CLANG_WARN_CONSTANT_CONVERSION = YES;
				CLANG_WARN_DEPRECATED_OBJC_IMPLEMENTATIONS = YES;
				CLANG_WARN_DIRECT_OBJC_ISA_USAGE = YES_ERROR;
				CLANG_WARN_DOCUMENTATION_COMMENTS = YES;
				CLANG_WARN_EMPTY_BODY = YES;
				CLANG_WARN_ENUM_CONVERSION = YES;
				CLANG_WARN_INFINITE_RECURSION = YES;
				CLANG_WARN_INT_CONVERSION = YES;
				CLANG_WARN_NON_LITERAL_NULL_CONVERSION = YES;
				CLANG_WARN_OBJC_IMPLICIT_RETAIN_SELF = YES;
				CLANG_WARN_OBJC_LITERAL_CONVERSION = YES;
				CLANG_WARN_OBJC_ROOT_CLASS = YES_ERROR;
				CLANG_WARN_RANGE_LOOP_ANALYSIS = YES;
				CLANG_WARN_STRICT_PROTOTYPES = YES;
				CLANG_WARN_SUSPICIOUS_MOVE = YES;
				CLANG_WARN_UNGUARDED_AVAILABILITY = YES_AGGRESSIVE;
				CLANG_WARN_UNREACHABLE_CODE = YES;
				CLANG_WARN__DUPLICATE_METHOD_MATCH = YES;
				CODE_SIGN_IDENTITY = "iPhone Developer";
				COPY_PHASE_STRIP = NO;
				DEBUG_INFORMATION_FORMAT = dwarf;
				ENABLE_STRICT_OBJC_MSGSEND = YES;
				ENABLE_TESTABILITY = YES;
				GCC_C_LANGUAGE_STANDARD = gnu11;
				GCC_DYNAMIC_NO_PIC = NO;
				GCC_NO_COMMON_BLOCKS = YES;
				GCC_OPTIMIZATION_LEVEL = 0;
				GCC_PREPROCESSOR_DEFINITIONS = (
					"DEBUG=1",
					"$(inherited)",
				);
				GCC_WARN_64_TO_32_BIT_CONVERSION = YES;
				GCC_WARN_ABOUT_RETURN_TYPE = YES_ERROR;
				GCC_WARN_UNDECLARED_SELECTOR = YES;
				GCC_WARN_UNINITIALIZED_AUTOS = YES_AGGRESSIVE;
				GCC_WARN_UNUSED_FUNCTION = YES;
				GCC_WARN_UNUSED_VARIABLE = YES;
				IPHONEOS_DEPLOYMENT_TARGET = 12.0;
				MTL_ENABLE_DEBUG_INFO = INCLUDE_SOURCE;
				MTL_FAST_MATH = YES;
				ONLY_ACTIVE_ARCH = YES;
				SDKROOT = iphoneos;
				SWIFT_ACTIVE_COMPILATION_CONDITIONS = DEBUG;
				SWIFT_OPTIMIZATION_LEVEL = "-Onone";
			};
			name = Debug;
		};
		959B14EF2188CFD90040B02D /* Release */ = {
			isa = XCBuildConfiguration;
			buildSettings = {
				ALWAYS_SEARCH_USER_PATHS = NO;
				CLANG_ANALYZER_NONNULL = YES;
				CLANG_ANALYZER_NUMBER_OBJECT_CONVERSION = YES_AGGRESSIVE;
				CLANG_CXX_LANGUAGE_STANDARD = "gnu++14";
				CLANG_CXX_LIBRARY = "libc++";
				CLANG_ENABLE_MODULES = YES;
				CLANG_ENABLE_OBJC_ARC = YES;
				CLANG_ENABLE_OBJC_WEAK = YES;
				CLANG_WARN_BLOCK_CAPTURE_AUTORELEASING = YES;
				CLANG_WARN_BOOL_CONVERSION = YES;
				CLANG_WARN_COMMA = YES;
				CLANG_WARN_CONSTANT_CONVERSION = YES;
				CLANG_WARN_DEPRECATED_OBJC_IMPLEMENTATIONS = YES;
				CLANG_WARN_DIRECT_OBJC_ISA_USAGE = YES_ERROR;
				CLANG_WARN_DOCUMENTATION_COMMENTS = YES;
				CLANG_WARN_EMPTY_BODY = YES;
				CLANG_WARN_ENUM_CONVERSION = YES;
				CLANG_WARN_INFINITE_RECURSION = YES;
				CLANG_WARN_INT_CONVERSION = YES;
				CLANG_WARN_NON_LITERAL_NULL_CONVERSION = YES;
				CLANG_WARN_OBJC_IMPLICIT_RETAIN_SELF = YES;
				CLANG_WARN_OBJC_LITERAL_CONVERSION = YES;
				CLANG_WARN_OBJC_ROOT_CLASS = YES_ERROR;
				CLANG_WARN_RANGE_LOOP_ANALYSIS = YES;
				CLANG_WARN_STRICT_PROTOTYPES = YES;
				CLANG_WARN_SUSPICIOUS_MOVE = YES;
				CLANG_WARN_UNGUARDED_AVAILABILITY = YES_AGGRESSIVE;
				CLANG_WARN_UNREACHABLE_CODE = YES;
				CLANG_WARN__DUPLICATE_METHOD_MATCH = YES;
				CODE_SIGN_IDENTITY = "iPhone Developer";
				COPY_PHASE_STRIP = NO;
				DEBUG_INFORMATION_FORMAT = "dwarf-with-dsym";
				ENABLE_NS_ASSERTIONS = NO;
				ENABLE_STRICT_OBJC_MSGSEND = YES;
				GCC_C_LANGUAGE_STANDARD = gnu11;
				GCC_NO_COMMON_BLOCKS = YES;
				GCC_WARN_64_TO_32_BIT_CONVERSION = YES;
				GCC_WARN_ABOUT_RETURN_TYPE = YES_ERROR;
				GCC_WARN_UNDECLARED_SELECTOR = YES;
				GCC_WARN_UNINITIALIZED_AUTOS = YES_AGGRESSIVE;
				GCC_WARN_UNUSED_FUNCTION = YES;
				GCC_WARN_UNUSED_VARIABLE = YES;
				IPHONEOS_DEPLOYMENT_TARGET = 12.0;
				MTL_ENABLE_DEBUG_INFO = NO;
				MTL_FAST_MATH = YES;
				SDKROOT = iphoneos;
				SWIFT_COMPILATION_MODE = wholemodule;
				SWIFT_OPTIMIZATION_LEVEL = "-O";
				VALIDATE_PRODUCT = YES;
			};
			name = Release;
		};
		959B14F12188CFD90040B02D /* Debug */ = {
			isa = XCBuildConfiguration;
			baseConfigurationReference = 2C43D44FB85A1C2BD537EB92 /* Pods-todo1test.debug.xcconfig */;
			buildSettings = {
				ASSETCATALOG_COMPILER_APPICON_NAME = AppIcon;
				CODE_SIGN_STYLE = Automatic;
				DEVELOPMENT_TEAM = UD9WBSS7K3;
				INFOPLIST_FILE = todo1test/Info.plist;
				LD_RUNPATH_SEARCH_PATHS = (
					"$(inherited)",
					"@executable_path/Frameworks",
				);
				PRODUCT_BUNDLE_IDENTIFIER = co.mike.todo1test;
				PRODUCT_NAME = "$(TARGET_NAME)";
				SWIFT_VERSION = 4.2;
				TARGETED_DEVICE_FAMILY = 1;
			};
			name = Debug;
		};
		959B14F22188CFD90040B02D /* Release */ = {
			isa = XCBuildConfiguration;
			baseConfigurationReference = 7E3C33C3E46D76CA78BE9A69 /* Pods-todo1test.release.xcconfig */;
			buildSettings = {
				ASSETCATALOG_COMPILER_APPICON_NAME = AppIcon;
				CODE_SIGN_STYLE = Automatic;
				DEVELOPMENT_TEAM = UD9WBSS7K3;
				INFOPLIST_FILE = todo1test/Info.plist;
				LD_RUNPATH_SEARCH_PATHS = (
					"$(inherited)",
					"@executable_path/Frameworks",
				);
				PRODUCT_BUNDLE_IDENTIFIER = co.mike.todo1test;
				PRODUCT_NAME = "$(TARGET_NAME)";
				SWIFT_VERSION = 4.2;
				TARGETED_DEVICE_FAMILY = 1;
			};
			name = Release;
		};
		959B14F42188CFD90040B02D /* Debug */ = {
			isa = XCBuildConfiguration;
			baseConfigurationReference = DA801A8CB736BC921F31CC32 /* Pods-todo1testUITests.debug.xcconfig */;
			buildSettings = {
				ALWAYS_EMBED_SWIFT_STANDARD_LIBRARIES = YES;
				CODE_SIGN_STYLE = Automatic;
				INFOPLIST_FILE = todo1testUITests/Info.plist;
				LD_RUNPATH_SEARCH_PATHS = (
					"$(inherited)",
					"@executable_path/Frameworks",
					"@loader_path/Frameworks",
				);
				PRODUCT_BUNDLE_IDENTIFIER = co.mike.todo1testUITests;
				PRODUCT_NAME = "$(TARGET_NAME)";
				SWIFT_VERSION = 4.2;
				TARGETED_DEVICE_FAMILY = "1,2";
				TEST_TARGET_NAME = todo1test;
			};
			name = Debug;
		};
		959B14F52188CFD90040B02D /* Release */ = {
			isa = XCBuildConfiguration;
			baseConfigurationReference = 13C98B2A837D6D4F2B4F9275 /* Pods-todo1testUITests.release.xcconfig */;
			buildSettings = {
				ALWAYS_EMBED_SWIFT_STANDARD_LIBRARIES = YES;
				CODE_SIGN_STYLE = Automatic;
				INFOPLIST_FILE = todo1testUITests/Info.plist;
				LD_RUNPATH_SEARCH_PATHS = (
					"$(inherited)",
					"@executable_path/Frameworks",
					"@loader_path/Frameworks",
				);
				PRODUCT_BUNDLE_IDENTIFIER = co.mike.todo1testUITests;
				PRODUCT_NAME = "$(TARGET_NAME)";
				SWIFT_VERSION = 4.2;
				TARGETED_DEVICE_FAMILY = "1,2";
				TEST_TARGET_NAME = todo1test;
			};
			name = Release;
		};
/* End XCBuildConfiguration section */

/* Begin XCConfigurationList section */
		959B14CE2188CFD70040B02D /* Build configuration list for PBXProject "todo1test" */ = {
			isa = XCConfigurationList;
			buildConfigurations = (
				959B14EE2188CFD90040B02D /* Debug */,
				959B14EF2188CFD90040B02D /* Release */,
			);
			defaultConfigurationIsVisible = 0;
			defaultConfigurationName = Release;
		};
		959B14F02188CFD90040B02D /* Build configuration list for PBXNativeTarget "todo1test" */ = {
			isa = XCConfigurationList;
			buildConfigurations = (
				959B14F12188CFD90040B02D /* Debug */,
				959B14F22188CFD90040B02D /* Release */,
			);
			defaultConfigurationIsVisible = 0;
			defaultConfigurationName = Release;
		};
		959B14F32188CFD90040B02D /* Build configuration list for PBXNativeTarget "todo1testUITests" */ = {
			isa = XCConfigurationList;
			buildConfigurations = (
				959B14F42188CFD90040B02D /* Debug */,
				959B14F52188CFD90040B02D /* Release */,
			);
			defaultConfigurationIsVisible = 0;
			defaultConfigurationName = Release;
		};
/* End XCConfigurationList section */
	};
	rootObject = 959B14CB2188CFD70040B02D /* Project object */;
}
